
Microsoft Visual Studio Solution File, Format Version 12.00
# Visual Studio Version 17
VisualStudioVersion = 17.11.35327.3
MinimumVisualStudioVersion = 10.0.40219.1
Project("{9A19103F-16F7-4668-BE54-9A1E7A4F7556}") = "GUI-New", "GUI-New\GUI-New.csproj", "{2007AAA6-E900-4D7D-BCA2-BE8FD2957295}"
EndProject
Project("{9A19103F-16F7-4668-BE54-9A1E7A4F7556}") = "WPF_Learn", "..\..\..\Visual_Studio_Project\WPF_Learn\WPF_Learn\WPF_Learn.csproj", "{F28828BA-CE48-4DD4-9F24-41E57E12A269}"
EndProject
Global
	GlobalSection(SolutionConfigurationPlatforms) = preSolution
		Debug|Any CPU = Debug|Any CPU
		Release|Any CPU = Release|Any CPU
	EndGlobalSection
	GlobalSection(ProjectConfigurationPlatforms) = postSolution
		{2007AAA6-E900-4D7D-BCA2-BE8FD2957295}.Debug|Any CPU.ActiveCfg = Debug|Any CPU
		{2007AAA6-E900-4D7D-BCA2-BE8FD2957295}.Debug|Any CPU.Build.0 = Debug|Any CPU
		{2007AAA6-E900-4D7D-BCA2-BE8FD2957295}.Release|Any CPU.ActiveCfg = Release|Any CPU
		{2007AAA6-E900-4D7D-BCA2-BE8FD2957295}.Release|Any CPU.Build.0 = Release|Any CPU
		{F28828BA-CE48-4DD4-9F24-41E57E12A269}.Debug|Any CPU.ActiveCfg = Debug|Any CPU
		{F28828BA-CE48-4DD4-9F24-41E57E12A269}.Debug|Any CPU.Build.0 = Debug|Any CPU
		{F28828BA-CE48-4DD4-9F24-41E57E12A269}.Release|Any CPU.ActiveCfg = Release|Any CPU
		{F28828BA-CE48-4DD4-9F24-41E57E12A269}.Release|Any CPU.Build.0 = Release|Any CPU
	EndGlobalSection
	GlobalSection(SolutionProperties) = preSolution
		HideSolutionNode = FALSE
	EndGlobalSection
	GlobalSection(ExtensibilityGlobals) = postSolution
		SolutionGuid = {9C005DAA-E495-414B-9236-382614764F4A}
	EndGlobalSection
EndGlobal
